// !$*UTF8*$!
{
	archiveVersion = 1;
	classes = {
	};
	objectVersion = 55;
	objects = {

/* Begin PBXBuildFile section */
		4112C1222850B19500907194 /* AppDelegate.swift in Sources */ = {isa = PBXBuildFile; fileRef = 4112C1212850B19500907194 /* AppDelegate.swift */; };
		4112C1242850B19500907194 /* SceneDelegate.swift in Sources */ = {isa = PBXBuildFile; fileRef = 4112C1232850B19500907194 /* SceneDelegate.swift */; };
		4112C12E2850B19A00907194 /* Assets.xcassets in Resources */ = {isa = PBXBuildFile; fileRef = 4112C12D2850B19A00907194 /* Assets.xcassets */; };
		4112C1312850B19A00907194 /* LaunchScreen.storyboard in Resources */ = {isa = PBXBuildFile; fileRef = 4112C12F2850B19A00907194 /* LaunchScreen.storyboard */; };
		4112C1392850B36900907194 /* Main.storyboard in Resources */ = {isa = PBXBuildFile; fileRef = 4112C1382850B36900907194 /* Main.storyboard */; };
		4112C13C2850B39800907194 /* dataModel.xcdatamodeld in Sources */ = {isa = PBXBuildFile; fileRef = 4112C13A2850B39800907194 /* dataModel.xcdatamodeld */; };
		4112C1442850B6E700907194 /* AddModifyViewController.swift in Sources */ = {isa = PBXBuildFile; fileRef = 4112C1432850B6E700907194 /* AddModifyViewController.swift */; };
		4112C1462850BAF000907194 /* ManageViewController.swift in Sources */ = {isa = PBXBuildFile; fileRef = 4112C1452850BAF000907194 /* ManageViewController.swift */; };
		4128ED3A286DC3D400D5CCBE /* CalendarViewController.swift in Sources */ = {isa = PBXBuildFile; fileRef = 4128ED39286DC3D400D5CCBE /* CalendarViewController.swift */; };
		4128ED3C286DC97C00D5CCBE /* calendarCell.swift in Sources */ = {isa = PBXBuildFile; fileRef = 4128ED3B286DC97C00D5CCBE /* calendarCell.swift */; };
		4128ED3E286DC9A600D5CCBE /* CalendarHelper.swift in Sources */ = {isa = PBXBuildFile; fileRef = 4128ED3D286DC9A600D5CCBE /* CalendarHelper.swift */; };
		413678C52860A81B002649A0 /* reverseDate.swift in Sources */ = {isa = PBXBuildFile; fileRef = 413678C42860A81B002649A0 /* reverseDate.swift */; };
		4141ECEB28589976008DCEF9 /* setsCellPrototype.swift in Sources */ = {isa = PBXBuildFile; fileRef = 4141ECEA28589976008DCEF9 /* setsCellPrototype.swift */; };
		4141ECEE2858AA2F008DCEF9 /* isStringAnInt.swift in Sources */ = {isa = PBXBuildFile; fileRef = 4141ECED2858AA2E008DCEF9 /* isStringAnInt.swift */; };
		414ADEBA287455FB00893842 /* CalendarRecordViewController.swift in Sources */ = {isa = PBXBuildFile; fileRef = 414ADEB9287455FB00893842 /* CalendarRecordViewController.swift */; };
		414D2927285B470A003E19BD /* changeArrayExerLenght.swift in Sources */ = {isa = PBXBuildFile; fileRef = 414D2926285B470A003E19BD /* changeArrayExerLenght.swift */; };
		414D294F285BA331003E19BD /* chronometer.swift in Sources */ = {isa = PBXBuildFile; fileRef = 414D294E285BA331003E19BD /* chronometer.swift */; };
		4154DBCE285C97B700CF8CF8 /* SelectExerciseViewController.swift in Sources */ = {isa = PBXBuildFile; fileRef = 4154DBCD285C97B700CF8CF8 /* SelectExerciseViewController.swift */; };
		4154DBD0285D08DB00CF8CF8 /* recordCellPrototype.swift in Sources */ = {isa = PBXBuildFile; fileRef = 4154DBCF285D08DB00CF8CF8 /* recordCellPrototype.swift */; };
		41560A772882C9EB005798C7 /* checkColorText.swift in Sources */ = {isa = PBXBuildFile; fileRef = 41560A762882C9EB005798C7 /* checkColorText.swift */; };
		41599795285A5785003FCBD4 /* MainScreenViewController.swift in Sources */ = {isa = PBXBuildFile; fileRef = 41599794285A5785003FCBD4 /* MainScreenViewController.swift */; };
		41599797285A5AF0003FCBD4 /* SelectWorkoutViewController.swift in Sources */ = {isa = PBXBuildFile; fileRef = 41599796285A5AF0003FCBD4 /* SelectWorkoutViewController.swift */; };
		41599799285A5B21003FCBD4 /* RecordViewController.swift in Sources */ = {isa = PBXBuildFile; fileRef = 41599798285A5B21003FCBD4 /* RecordViewController.swift */; };
		41DA3BF22863801100542A5A /* getCurrentDate.swift in Sources */ = {isa = PBXBuildFile; fileRef = 41DA3BF12863801100542A5A /* getCurrentDate.swift */; };
/* End PBXBuildFile section */

/* Begin PBXFileReference section */
		4112C11E2850B19500907194 /* WorkOut Notes.app */ = {isa = PBXFileReference; explicitFileType = wrapper.application; includeInIndex = 0; path = "WorkOut Notes.app"; sourceTree = BUILT_PRODUCTS_DIR; };
		4112C1212850B19500907194 /* AppDelegate.swift */ = {isa = PBXFileReference; lastKnownFileType = sourcecode.swift; path = AppDelegate.swift; sourceTree = "<group>"; };
		4112C1232850B19500907194 /* SceneDelegate.swift */ = {isa = PBXFileReference; lastKnownFileType = sourcecode.swift; path = SceneDelegate.swift; sourceTree = "<group>"; };
		4112C12D2850B19A00907194 /* Assets.xcassets */ = {isa = PBXFileReference; lastKnownFileType = folder.assetcatalog; path = Assets.xcassets; sourceTree = "<group>"; };
		4112C1302850B19A00907194 /* Base */ = {isa = PBXFileReference; lastKnownFileType = file.storyboard; name = Base; path = Base.lproj/LaunchScreen.storyboard; sourceTree = "<group>"; };
		4112C1322850B19A00907194 /* Info.plist */ = {isa = PBXFileReference; lastKnownFileType = text.plist.xml; path = Info.plist; sourceTree = "<group>"; };
		4112C1382850B36900907194 /* Main.storyboard */ = {isa = PBXFileReference; fileEncoding = 4; lastKnownFileType = file.storyboard; path = Main.storyboard; sourceTree = "<group>"; };
		4112C13B2850B39800907194 /* dataModel.xcdatamodel */ = {isa = PBXFileReference; lastKnownFileType = wrapper.xcdatamodel; path = dataModel.xcdatamodel; sourceTree = "<group>"; };
		4112C1432850B6E700907194 /* AddModifyViewController.swift */ = {isa = PBXFileReference; lastKnownFileType = sourcecode.swift; path = AddModifyViewController.swift; sourceTree = "<group>"; };
		4112C1452850BAF000907194 /* ManageViewController.swift */ = {isa = PBXFileReference; lastKnownFileType = sourcecode.swift; path = ManageViewController.swift; sourceTree = "<group>"; };
		4128ED39286DC3D400D5CCBE /* CalendarViewController.swift */ = {isa = PBXFileReference; lastKnownFileType = sourcecode.swift; path = CalendarViewController.swift; sourceTree = "<group>"; };
		4128ED3B286DC97C00D5CCBE /* calendarCell.swift */ = {isa = PBXFileReference; lastKnownFileType = sourcecode.swift; path = calendarCell.swift; sourceTree = "<group>"; };
		4128ED3D286DC9A600D5CCBE /* CalendarHelper.swift */ = {isa = PBXFileReference; lastKnownFileType = sourcecode.swift; path = CalendarHelper.swift; sourceTree = "<group>"; };
		413678C42860A81B002649A0 /* reverseDate.swift */ = {isa = PBXFileReference; lastKnownFileType = sourcecode.swift; path = reverseDate.swift; sourceTree = "<group>"; };
		4141ECEA28589976008DCEF9 /* setsCellPrototype.swift */ = {isa = PBXFileReference; lastKnownFileType = sourcecode.swift; path = setsCellPrototype.swift; sourceTree = "<group>"; };
		4141ECED2858AA2E008DCEF9 /* isStringAnInt.swift */ = {isa = PBXFileReference; lastKnownFileType = sourcecode.swift; path = isStringAnInt.swift; sourceTree = "<group>"; };
		414ADEB9287455FB00893842 /* CalendarRecordViewController.swift */ = {isa = PBXFileReference; lastKnownFileType = sourcecode.swift; path = CalendarRecordViewController.swift; sourceTree = "<group>"; };
		414D2926285B470A003E19BD /* changeArrayExerLenght.swift */ = {isa = PBXFileReference; lastKnownFileType = sourcecode.swift; path = changeArrayExerLenght.swift; sourceTree = "<group>"; };
		414D294E285BA331003E19BD /* chronometer.swift */ = {isa = PBXFileReference; lastKnownFileType = sourcecode.swift; path = chronometer.swift; sourceTree = "<group>"; };
		4154DBCD285C97B700CF8CF8 /* SelectExerciseViewController.swift */ = {isa = PBXFileReference; lastKnownFileType = sourcecode.swift; path = SelectExerciseViewController.swift; sourceTree = "<group>"; };
		4154DBCF285D08DB00CF8CF8 /* recordCellPrototype.swift */ = {isa = PBXFileReference; lastKnownFileType = sourcecode.swift; path = recordCellPrototype.swift; sourceTree = "<group>"; };
		41560A762882C9EB005798C7 /* checkColorText.swift */ = {isa = PBXFileReference; lastKnownFileType = sourcecode.swift; path = checkColorText.swift; sourceTree = "<group>"; };
		41599794285A5785003FCBD4 /* MainScreenViewController.swift */ = {isa = PBXFileReference; lastKnownFileType = sourcecode.swift; path = MainScreenViewController.swift; sourceTree = "<group>"; };
		41599796285A5AF0003FCBD4 /* SelectWorkoutViewController.swift */ = {isa = PBXFileReference; lastKnownFileType = sourcecode.swift; path = SelectWorkoutViewController.swift; sourceTree = "<group>"; };
		41599798285A5B21003FCBD4 /* RecordViewController.swift */ = {isa = PBXFileReference; lastKnownFileType = sourcecode.swift; path = RecordViewController.swift; sourceTree = "<group>"; };
		41DA3BF12863801100542A5A /* getCurrentDate.swift */ = {isa = PBXFileReference; lastKnownFileType = sourcecode.swift; path = getCurrentDate.swift; sourceTree = "<group>"; };
/* End PBXFileReference section */

/* Begin PBXFrameworksBuildPhase section */
		4112C11B2850B19500907194 /* Frameworks */ = {
			isa = PBXFrameworksBuildPhase;
			buildActionMask = 2147483647;
			files = (
			);
			runOnlyForDeploymentPostprocessing = 0;
		};
/* End PBXFrameworksBuildPhase section */

/* Begin PBXGroup section */
		4112C1152850B19500907194 = {
			isa = PBXGroup;
			children = (
				4112C1202850B19500907194 /* WorkOut Notes */,
				4112C11F2850B19500907194 /* Products */,
			);
			sourceTree = "<group>";
		};
		4112C11F2850B19500907194 /* Products */ = {
			isa = PBXGroup;
			children = (
				4112C11E2850B19500907194 /* WorkOut Notes.app */,
			);
			name = Products;
			sourceTree = "<group>";
		};
		4112C1202850B19500907194 /* WorkOut Notes */ = {
			isa = PBXGroup;
			children = (
				4112C1212850B19500907194 /* AppDelegate.swift */,
				4112C1232850B19500907194 /* SceneDelegate.swift */,
				4112C13F2850B5F900907194 /* Model */,
				4112C1402850B60200907194 /* View */,
				4112C1412850B60A00907194 /* Controller */,
				4112C12D2850B19A00907194 /* Assets.xcassets */,
				4112C12F2850B19A00907194 /* LaunchScreen.storyboard */,
				4112C1322850B19A00907194 /* Info.plist */,
			);
			path = "WorkOut Notes";
			sourceTree = "<group>";
		};
		4112C13F2850B5F900907194 /* Model */ = {
			isa = PBXGroup;
			children = (
				4138AF7128799F91006D80E8 /* Cells */,
				4112C13A2850B39800907194 /* dataModel.xcdatamodeld */,
				4141ECED2858AA2E008DCEF9 /* isStringAnInt.swift */,
				414D2926285B470A003E19BD /* changeArrayExerLenght.swift */,
				414D294E285BA331003E19BD /* chronometer.swift */,
				413678C42860A81B002649A0 /* reverseDate.swift */,
				41DA3BF12863801100542A5A /* getCurrentDate.swift */,
				4128ED3D286DC9A600D5CCBE /* CalendarHelper.swift */,
				41560A762882C9EB005798C7 /* checkColorText.swift */,
			);
			path = Model;
			sourceTree = "<group>";
		};
		4112C1402850B60200907194 /* View */ = {
			isa = PBXGroup;
			children = (
				4112C1382850B36900907194 /* Main.storyboard */,
			);
			path = View;
			sourceTree = "<group>";
		};
		4112C1412850B60A00907194 /* Controller */ = {
			isa = PBXGroup;
			children = (
				4112C1432850B6E700907194 /* AddModifyViewController.swift */,
				4112C1452850BAF000907194 /* ManageViewController.swift */,
				41599794285A5785003FCBD4 /* MainScreenViewController.swift */,
				41599796285A5AF0003FCBD4 /* SelectWorkoutViewController.swift */,
				41599798285A5B21003FCBD4 /* RecordViewController.swift */,
				4154DBCD285C97B700CF8CF8 /* SelectExerciseViewController.swift */,
				4128ED39286DC3D400D5CCBE /* CalendarViewController.swift */,
				414ADEB9287455FB00893842 /* CalendarRecordViewController.swift */,
			);
			path = Controller;
			sourceTree = "<group>";
		};
		4138AF7128799F91006D80E8 /* Cells */ = {
			isa = PBXGroup;
			children = (
				4128ED3B286DC97C00D5CCBE /* calendarCell.swift */,
				4154DBCF285D08DB00CF8CF8 /* recordCellPrototype.swift */,
				4141ECEA28589976008DCEF9 /* setsCellPrototype.swift */,
			);
			path = Cells;
			sourceTree = "<group>";
		};
/* End PBXGroup section */

/* Begin PBXNativeTarget section */
		4112C11D2850B19500907194 /* WorkOut Notes */ = {
			isa = PBXNativeTarget;
			buildConfigurationList = 4112C1352850B19A00907194 /* Build configuration list for PBXNativeTarget "WorkOut Notes" */;
			buildPhases = (
				4112C11A2850B19500907194 /* Sources */,
				4112C11B2850B19500907194 /* Frameworks */,
				4112C11C2850B19500907194 /* Resources */,
			);
			buildRules = (
			);
			dependencies = (
			);
			name = "WorkOut Notes";
			productName = "WorkOut Notes";
			productReference = 4112C11E2850B19500907194 /* WorkOut Notes.app */;
			productType = "com.apple.product-type.application";
		};
/* End PBXNativeTarget section */

/* Begin PBXProject section */
		4112C1162850B19500907194 /* Project object */ = {
			isa = PBXProject;
			attributes = {
				BuildIndependentTargetsInParallel = 1;
				LastSwiftUpdateCheck = 1340;
				LastUpgradeCheck = 1340;
				TargetAttributes = {
					4112C11D2850B19500907194 = {
						CreatedOnToolsVersion = 13.4;
					};
				};
			};
			buildConfigurationList = 4112C1192850B19500907194 /* Build configuration list for PBXProject "WorkOut Notes" */;
			compatibilityVersion = "Xcode 13.0";
			developmentRegion = en;
			hasScannedForEncodings = 0;
			knownRegions = (
				en,
				Base,
			);
			mainGroup = 4112C1152850B19500907194;
			productRefGroup = 4112C11F2850B19500907194 /* Products */;
			projectDirPath = "";
			projectRoot = "";
			targets = (
				4112C11D2850B19500907194 /* WorkOut Notes */,
			);
		};
/* End PBXProject section */

/* Begin PBXResourcesBuildPhase section */
		4112C11C2850B19500907194 /* Resources */ = {
			isa = PBXResourcesBuildPhase;
			buildActionMask = 2147483647;
			files = (
				4112C1312850B19A00907194 /* LaunchScreen.storyboard in Resources */,
				4112C12E2850B19A00907194 /* Assets.xcassets in Resources */,
				4112C1392850B36900907194 /* Main.storyboard in Resources */,
			);
			runOnlyForDeploymentPostprocessing = 0;
		};
/* End PBXResourcesBuildPhase section */

/* Begin PBXSourcesBuildPhase section */
		4112C11A2850B19500907194 /* Sources */ = {
			isa = PBXSourcesBuildPhase;
			buildActionMask = 2147483647;
			files = (
				41DA3BF22863801100542A5A /* getCurrentDate.swift in Sources */,
				4112C1442850B6E700907194 /* AddModifyViewController.swift in Sources */,
				414ADEBA287455FB00893842 /* CalendarRecordViewController.swift in Sources */,
				4154DBCE285C97B700CF8CF8 /* SelectExerciseViewController.swift in Sources */,
				4112C13C2850B39800907194 /* dataModel.xcdatamodeld in Sources */,
				4128ED3E286DC9A600D5CCBE /* CalendarHelper.swift in Sources */,
				414D294F285BA331003E19BD /* chronometer.swift in Sources */,
				4128ED3C286DC97C00D5CCBE /* calendarCell.swift in Sources */,
				4128ED3A286DC3D400D5CCBE /* CalendarViewController.swift in Sources */,
				41599795285A5785003FCBD4 /* MainScreenViewController.swift in Sources */,
				41560A772882C9EB005798C7 /* checkColorText.swift in Sources */,
				413678C52860A81B002649A0 /* reverseDate.swift in Sources */,
				4141ECEE2858AA2F008DCEF9 /* isStringAnInt.swift in Sources */,
				4112C1222850B19500907194 /* AppDelegate.swift in Sources */,
				414D2927285B470A003E19BD /* changeArrayExerLenght.swift in Sources */,
				41599799285A5B21003FCBD4 /* RecordViewController.swift in Sources */,
				41599797285A5AF0003FCBD4 /* SelectWorkoutViewController.swift in Sources */,
				4112C1462850BAF000907194 /* ManageViewController.swift in Sources */,
				4154DBD0285D08DB00CF8CF8 /* recordCellPrototype.swift in Sources */,
				4112C1242850B19500907194 /* SceneDelegate.swift in Sources */,
				4141ECEB28589976008DCEF9 /* setsCellPrototype.swift in Sources */,
			);
			runOnlyForDeploymentPostprocessing = 0;
		};
/* End PBXSourcesBuildPhase section */

/* Begin PBXVariantGroup section */
		4112C12F2850B19A00907194 /* LaunchScreen.storyboard */ = {
			isa = PBXVariantGroup;
			children = (
				4112C1302850B19A00907194 /* Base */,
			);
			name = LaunchScreen.storyboard;
			sourceTree = "<group>";
		};
/* End PBXVariantGroup section */

/* Begin XCBuildConfiguration section */
		4112C1332850B19A00907194 /* Debug */ = {
			isa = XCBuildConfiguration;
			buildSettings = {
				ALWAYS_SEARCH_USER_PATHS = NO;
				CLANG_ANALYZER_NONNULL = YES;
				CLANG_ANALYZER_NUMBER_OBJECT_CONVERSION = YES_AGGRESSIVE;
				CLANG_CXX_LANGUAGE_STANDARD = "gnu++17";
				CLANG_ENABLE_MODULES = YES;
				CLANG_ENABLE_OBJC_ARC = YES;
				CLANG_ENABLE_OBJC_WEAK = YES;
				CLANG_WARN_BLOCK_CAPTURE_AUTORELEASING = YES;
				CLANG_WARN_BOOL_CONVERSION = YES;
				CLANG_WARN_COMMA = YES;
				CLANG_WARN_CONSTANT_CONVERSION = YES;
				CLANG_WARN_DEPRECATED_OBJC_IMPLEMENTATIONS = YES;
				CLANG_WARN_DIRECT_OBJC_ISA_USAGE = YES_ERROR;
				CLANG_WARN_DOCUMENTATION_COMMENTS = YES;
				CLANG_WARN_EMPTY_BODY = YES;
				CLANG_WARN_ENUM_CONVERSION = YES;
				CLANG_WARN_INFINITE_RECURSION = YES;
				CLANG_WARN_INT_CONVERSION = YES;
				CLANG_WARN_NON_LITERAL_NULL_CONVERSION = YES;
				CLANG_WARN_OBJC_IMPLICIT_RETAIN_SELF = YES;
				CLANG_WARN_OBJC_LITERAL_CONVERSION = YES;
				CLANG_WARN_OBJC_ROOT_CLASS = YES_ERROR;
				CLANG_WARN_QUOTED_INCLUDE_IN_FRAMEWORK_HEADER = YES;
				CLANG_WARN_RANGE_LOOP_ANALYSIS = YES;
				CLANG_WARN_STRICT_PROTOTYPES = YES;
				CLANG_WARN_SUSPICIOUS_MOVE = YES;
				CLANG_WARN_UNGUARDED_AVAILABILITY = YES_AGGRESSIVE;
				CLANG_WARN_UNREACHABLE_CODE = YES;
				CLANG_WARN__DUPLICATE_METHOD_MATCH = YES;
				COPY_PHASE_STRIP = NO;
				DEBUG_INFORMATION_FORMAT = dwarf;
				ENABLE_STRICT_OBJC_MSGSEND = YES;
				ENABLE_TESTABILITY = YES;
				GCC_C_LANGUAGE_STANDARD = gnu11;
				GCC_DYNAMIC_NO_PIC = NO;
				GCC_NO_COMMON_BLOCKS = YES;
				GCC_OPTIMIZATION_LEVEL = 0;
				GCC_PREPROCESSOR_DEFINITIONS = (
					"DEBUG=1",
					"$(inherited)",
				);
				GCC_WARN_64_TO_32_BIT_CONVERSION = YES;
				GCC_WARN_ABOUT_RETURN_TYPE = YES_ERROR;
				GCC_WARN_UNDECLARED_SELECTOR = YES;
				GCC_WARN_UNINITIALIZED_AUTOS = YES_AGGRESSIVE;
				GCC_WARN_UNUSED_FUNCTION = YES;
				GCC_WARN_UNUSED_VARIABLE = YES;
				IPHONEOS_DEPLOYMENT_TARGET = 15.5;
				MTL_ENABLE_DEBUG_INFO = INCLUDE_SOURCE;
				MTL_FAST_MATH = YES;
				ONLY_ACTIVE_ARCH = YES;
				SDKROOT = iphoneos;
				SWIFT_ACTIVE_COMPILATION_CONDITIONS = DEBUG;
				SWIFT_OPTIMIZATION_LEVEL = "-Onone";
			};
			name = Debug;
		};
		4112C1342850B19A00907194 /* Release */ = {
			isa = XCBuildConfiguration;
			buildSettings = {
				ALWAYS_SEARCH_USER_PATHS = NO;
				CLANG_ANALYZER_NONNULL = YES;
				CLANG_ANALYZER_NUMBER_OBJECT_CONVERSION = YES_AGGRESSIVE;
				CLANG_CXX_LANGUAGE_STANDARD = "gnu++17";
				CLANG_ENABLE_MODULES = YES;
				CLANG_ENABLE_OBJC_ARC = YES;
				CLANG_ENABLE_OBJC_WEAK = YES;
				CLANG_WARN_BLOCK_CAPTURE_AUTORELEASING = YES;
				CLANG_WARN_BOOL_CONVERSION = YES;
				CLANG_WARN_COMMA = YES;
				CLANG_WARN_CONSTANT_CONVERSION = YES;
				CLANG_WARN_DEPRECATED_OBJC_IMPLEMENTATIONS = YES;
				CLANG_WARN_DIRECT_OBJC_ISA_USAGE = YES_ERROR;
				CLANG_WARN_DOCUMENTATION_COMMENTS = YES;
				CLANG_WARN_EMPTY_BODY = YES;
				CLANG_WARN_ENUM_CONVERSION = YES;
				CLANG_WARN_INFINITE_RECURSION = YES;
				CLANG_WARN_INT_CONVERSION = YES;
				CLANG_WARN_NON_LITERAL_NULL_CONVERSION = YES;
				CLANG_WARN_OBJC_IMPLICIT_RETAIN_SELF = YES;
				CLANG_WARN_OBJC_LITERAL_CONVERSION = YES;
				CLANG_WARN_OBJC_ROOT_CLASS = YES_ERROR;
				CLANG_WARN_QUOTED_INCLUDE_IN_FRAMEWORK_HEADER = YES;
				CLANG_WARN_RANGE_LOOP_ANALYSIS = YES;
				CLANG_WARN_STRICT_PROTOTYPES = YES;
				CLANG_WARN_SUSPICIOUS_MOVE = YES;
				CLANG_WARN_UNGUARDED_AVAILABILITY = YES_AGGRESSIVE;
				CLANG_WARN_UNREACHABLE_CODE = YES;
				CLANG_WARN__DUPLICATE_METHOD_MATCH = YES;
				COPY_PHASE_STRIP = NO;
				DEBUG_INFORMATION_FORMAT = "dwarf-with-dsym";
				ENABLE_NS_ASSERTIONS = NO;
				ENABLE_STRICT_OBJC_MSGSEND = YES;
				GCC_C_LANGUAGE_STANDARD = gnu11;
				GCC_NO_COMMON_BLOCKS = YES;
				GCC_WARN_64_TO_32_BIT_CONVERSION = YES;
				GCC_WARN_ABOUT_RETURN_TYPE = YES_ERROR;
				GCC_WARN_UNDECLARED_SELECTOR = YES;
				GCC_WARN_UNINITIALIZED_AUTOS = YES_AGGRESSIVE;
				GCC_WARN_UNUSED_FUNCTION = YES;
				GCC_WARN_UNUSED_VARIABLE = YES;
				IPHONEOS_DEPLOYMENT_TARGET = 15.5;
				MTL_ENABLE_DEBUG_INFO = NO;
				MTL_FAST_MATH = YES;
				SDKROOT = iphoneos;
				SWIFT_COMPILATION_MODE = wholemodule;
				SWIFT_OPTIMIZATION_LEVEL = "-O";
				VALIDATE_PRODUCT = YES;
			};
			name = Release;
		};
		4112C1362850B19A00907194 /* Debug */ = {
			isa = XCBuildConfiguration;
			buildSettings = {
				ASSETCATALOG_COMPILER_APPICON_NAME = AppIcon;
				ASSETCATALOG_COMPILER_GLOBAL_ACCENT_COLOR_NAME = AccentColor;
				CODE_SIGN_STYLE = Automatic;
				CURRENT_PROJECT_VERSION = 1;
				DEVELOPMENT_TEAM = 3U346Q886M;
				GENERATE_INFOPLIST_FILE = YES;
				INFOPLIST_FILE = "WorkOut Notes/Info.plist";
				INFOPLIST_KEY_UIApplicationSupportsIndirectInputEvents = YES;
				INFOPLIST_KEY_UILaunchStoryboardName = LaunchScreen;
				INFOPLIST_KEY_UIMainStoryboardFile = Main;
				INFOPLIST_KEY_UISupportedInterfaceOrientations = UIInterfaceOrientationPortrait;
				INFOPLIST_KEY_UISupportedInterfaceOrientations_iPad = "UIInterfaceOrientationPortrait UIInterfaceOrientationPortraitUpsideDown UIInterfaceOrientationLandscapeLeft UIInterfaceOrientationLandscapeRight";
				INFOPLIST_KEY_UISupportedInterfaceOrientations_iPhone = "UIInterfaceOrientationPortrait UIInterfaceOrientationLandscapeLeft UIInterfaceOrientationLandscapeRight";
				IPHONEOS_DEPLOYMENT_TARGET = 15.0;
				LD_RUNPATH_SEARCH_PATHS = (
					"$(inherited)",
					"@executable_path/Frameworks",
				);
				MARKETING_VERSION = 1.0;
				PRODUCT_BUNDLE_IDENTIFIER = "com.venguidanos.WorkOut-Notes";
				PRODUCT_NAME = "$(TARGET_NAME)";
				SWIFT_EMIT_LOC_STRINGS = YES;
				SWIFT_VERSION = 5.0;
				TARGETED_DEVICE_FAMILY = "1,2";
			};
			name = Debug;
		};
		4112C1372850B19A00907194 /* Release */ = {
			isa = XCBuildConfiguration;
			buildSettings = {
				ASSETCATALOG_COMPILER_APPICON_NAME = AppIcon;
				ASSETCATALOG_COMPILER_GLOBAL_ACCENT_COLOR_NAME = AccentColor;
				CODE_SIGN_STYLE = Automatic;
				CURRENT_PROJECT_VERSION = 1;
				DEVELOPMENT_TEAM = 3U346Q886M;
				GENERATE_INFOPLIST_FILE = YES;
				INFOPLIST_FILE = "WorkOut Notes/Info.plist";
				INFOPLIST_KEY_UIApplicationSupportsIndirectInputEvents = YES;
				INFOPLIST_KEY_UILaunchStoryboardName = LaunchScreen;
				INFOPLIST_KEY_UIMainStoryboardFile = Main;
				INFOPLIST_KEY_UISupportedInterfaceOrientations = UIInterfaceOrientationPortrait;
				INFOPLIST_KEY_UISupportedInterfaceOrientations_iPad = "UIInterfaceOrientationPortrait UIInterfaceOrientationPortraitUpsideDown UIInterfaceOrientationLandscapeLeft UIInterfaceOrientationLandscapeRight";
				INFOPLIST_KEY_UISupportedInterfaceOrientations_iPhone = "UIInterfaceOrientationPortrait UIInterfaceOrientationLandscapeLeft UIInterfaceOrientationLandscapeRight";
				IPHONEOS_DEPLOYMENT_TARGET = 15.0;
				LD_RUNPATH_SEARCH_PATHS = (
					"$(inherited)",
					"@executable_path/Frameworks",
				);
				MARKETING_VERSION = 1.0;
				PRODUCT_BUNDLE_IDENTIFIER = "com.venguidanos.WorkOut-Notes";
				PRODUCT_NAME = "$(TARGET_NAME)";
				SWIFT_EMIT_LOC_STRINGS = YES;
				SWIFT_VERSION = 5.0;
				TARGETED_DEVICE_FAMILY = "1,2";
			};
			name = Release;
		};
/* End XCBuildConfiguration section */

/* Begin XCConfigurationList section */
		4112C1192850B19500907194 /* Build configuration list for PBXProject "WorkOut Notes" */ = {
			isa = XCConfigurationList;
			buildConfigurations = (
				4112C1332850B19A00907194 /* Debug */,
				4112C1342850B19A00907194 /* Release */,
			);
			defaultConfigurationIsVisible = 0;
			defaultConfigurationName = Release;
		};
		4112C1352850B19A00907194 /* Build configuration list for PBXNativeTarget "WorkOut Notes" */ = {
			isa = XCConfigurationList;
			buildConfigurations = (
				4112C1362850B19A00907194 /* Debug */,
				4112C1372850B19A00907194 /* Release */,
			);
			defaultConfigurationIsVisible = 0;
			defaultConfigurationName = Release;
		};
/* End XCConfigurationList section */

/* Begin XCVersionGroup section */
		4112C13A2850B39800907194 /* dataModel.xcdatamodeld */ = {
			isa = XCVersionGroup;
			children = (
				4112C13B2850B39800907194 /* dataModel.xcdatamodel */,
			);
			currentVersion = 4112C13B2850B39800907194 /* dataModel.xcdatamodel */;
			path = dataModel.xcdatamodeld;
			sourceTree = "<group>";
			versionGroupType = wrapper.xcdatamodel;
		};
/* End XCVersionGroup section */
	};
	rootObject = 4112C1162850B19500907194 /* Project object */;
}
